
Microsoft Visual Studio Solution File, Format Version 12.00
# Visual Studio 15
VisualStudioVersion = 15.0.27703.2026
MinimumVisualStudioVersion = 10.0.40219.1
Project("{FAE04EC0-301F-11D3-BF4B-00C04F79EFBC}") = "Web_API", "Web_API\Web_API.csproj", "{F7238ABA-E5AC-4FA6-8F02-D5CAFDA760DE}"
EndProject
Project("{FAE04EC0-301F-11D3-BF4B-00C04F79EFBC}") = "API_Data_Layer", "API_Data_Layer\API_Data_Layer.csproj", "{206B4C62-9B31-40F3-9954-0B5082D919FE}"
EndProject
Global
	GlobalSection(SolutionConfigurationPlatforms) = preSolution
		Debug|Any CPU = Debug|Any CPU
		Release|Any CPU = Release|Any CPU
	EndGlobalSection
	GlobalSection(ProjectConfigurationPlatforms) = postSolution
		{F7238ABA-E5AC-4FA6-8F02-D5CAFDA760DE}.Debug|Any CPU.ActiveCfg = Debug|Any CPU
		{F7238ABA-E5AC-4FA6-8F02-D5CAFDA760DE}.Debug|Any CPU.Build.0 = Debug|Any CPU
		{F7238ABA-E5AC-4FA6-8F02-D5CAFDA760DE}.Release|Any CPU.ActiveCfg = Release|Any CPU
		{F7238ABA-E5AC-4FA6-8F02-D5CAFDA760DE}.Release|Any CPU.Build.0 = Release|Any CPU
		{206B4C62-9B31-40F3-9954-0B5082D919FE}.Debug|Any CPU.ActiveCfg = Debug|Any CPU
		{206B4C62-9B31-40F3-9954-0B5082D919FE}.Debug|Any CPU.Build.0 = Debug|Any CPU
		{206B4C62-9B31-40F3-9954-0B5082D919FE}.Release|Any CPU.ActiveCfg = Release|Any CPU
		{206B4C62-9B31-40F3-9954-0B5082D919FE}.Release|Any CPU.Build.0 = Release|Any CPU
	EndGlobalSection
	GlobalSection(SolutionProperties) = preSolution
		HideSolutionNode = FALSE
	EndGlobalSection
	GlobalSection(ExtensibilityGlobals) = postSolution
		SolutionGuid = {1D545E84-BAA8-4D2F-97A6-1C6B29AE21EF}
	EndGlobalSection
EndGlobal
